# This file is automatically @generated by Cargo.
# It is not intended for manual editing.
version = 4

[[package]]
name = "day07"
version = "0.1.0"
dependencies = [
 "value-enum",
]

[[package]]
name = "value-enum"
version = "1.0.0"
source = "registry+https://github.com/rust-lang/crates.io-index"
checksum = "956d6f43117f0c7f81ec3926f2cf4a452bd08ea73eeba16c9ab749974bcd2a8f"
